
Microsoft Visual Studio Solution File, Format Version 12.00
# Visual Studio Version 17
VisualStudioVersion = 17.5.33516.290
MinimumVisualStudioVersion = 10.0.40219.1
Project("{FAE04EC0-301F-11D3-BF4B-00C04F79EFBC}") = "TP2-Winform", "TP2-Winform\TP2-Winform.csproj", "{E6B29FBE-953E-41A1-A904-0ABCA9B2C111}"
EndProject
Project("{FAE04EC0-301F-11D3-BF4B-00C04F79EFBC}") = "Negocio", "Negocio\Negocio.csproj", "{8CDC984F-50B2-49F4-BCEC-6BB3BB6B6C21}"
EndProject
Project("{FAE04EC0-301F-11D3-BF4B-00C04F79EFBC}") = "Dominio", "Dominio\Dominio.csproj", "{6E75A99F-E891-4B42-9F5E-7F52B96DC6CF}"
EndProject
Global
	GlobalSection(SolutionConfigurationPlatforms) = preSolution
		Debug|Any CPU = Debug|Any CPU
		Release|Any CPU = Release|Any CPU
	EndGlobalSection
	GlobalSection(ProjectConfigurationPlatforms) = postSolution
		{E6B29FBE-953E-41A1-A904-0ABCA9B2C111}.Debug|Any CPU.ActiveCfg = Debug|Any CPU
		{E6B29FBE-953E-41A1-A904-0ABCA9B2C111}.Debug|Any CPU.Build.0 = Debug|Any CPU
		{E6B29FBE-953E-41A1-A904-0ABCA9B2C111}.Release|Any CPU.ActiveCfg = Release|Any CPU
		{E6B29FBE-953E-41A1-A904-0ABCA9B2C111}.Release|Any CPU.Build.0 = Release|Any CPU
		{8CDC984F-50B2-49F4-BCEC-6BB3BB6B6C21}.Debug|Any CPU.ActiveCfg = Debug|Any CPU
		{8CDC984F-50B2-49F4-BCEC-6BB3BB6B6C21}.Debug|Any CPU.Build.0 = Debug|Any CPU
		{8CDC984F-50B2-49F4-BCEC-6BB3BB6B6C21}.Release|Any CPU.ActiveCfg = Release|Any CPU
		{8CDC984F-50B2-49F4-BCEC-6BB3BB6B6C21}.Release|Any CPU.Build.0 = Release|Any CPU
		{6E75A99F-E891-4B42-9F5E-7F52B96DC6CF}.Debug|Any CPU.ActiveCfg = Debug|Any CPU
		{6E75A99F-E891-4B42-9F5E-7F52B96DC6CF}.Debug|Any CPU.Build.0 = Debug|Any CPU
		{6E75A99F-E891-4B42-9F5E-7F52B96DC6CF}.Release|Any CPU.ActiveCfg = Release|Any CPU
		{6E75A99F-E891-4B42-9F5E-7F52B96DC6CF}.Release|Any CPU.Build.0 = Release|Any CPU
	EndGlobalSection
	GlobalSection(SolutionProperties) = preSolution
		HideSolutionNode = FALSE
	EndGlobalSection
	GlobalSection(ExtensibilityGlobals) = postSolution
		SolutionGuid = {FBC2C31B-4B14-43A4-BAE3-C96848242120}
	EndGlobalSection
EndGlobal
